PODS:
  - Alamofire (5.0.2)
  - Kingfisher (5.13.2):
    - Kingfisher/Core (= 5.13.2)
  - Kingfisher/Core (5.13.2)
  - Moya (14.0.0):
    - Moya/Core (= 14.0.0)
  - Moya/Core (14.0.0):
    - Alamofire (~> 5.0)
  - Moya/RxSwift (14.0.0):
    - Moya/Core
    - RxSwift (~> 5.0)
  - R.swift (5.1.0):
    - R.swift.Library (~> 5.1.0)
  - R.swift.Library (5.1.0)
  - Realm (4.3.2):
    - Realm/Headers (= 4.3.2)
  - Realm/Headers (4.3.2)
  - RealmSwift (4.3.2):
    - Realm (= 4.3.2)
  - RxCocoa (5.1.0):
    - RxRelay (~> 5)
    - RxSwift (~> 5)
  - RxRelay (5.1.0):
    - RxSwift (~> 5)
  - RxSwift (5.1.0)

DEPENDENCIES:
  - Kingfisher
  - Moya
  - Moya/RxSwift
  - R.swift
  - RealmSwift
  - RxCocoa
  - RxSwift

SPEC REPOS:
  trunk:
    - Alamofire
    - Kingfisher
    - Moya
    - R.swift
    - R.swift.Library
    - Realm
    - RealmSwift
    - RxCocoa
    - RxRelay
    - RxSwift

SPEC CHECKSUMS:
  Alamofire: 3ba7a4db18b4f62c4a1c0e1cb39d7f3d52e10ada
  Kingfisher: d342c8354c10c3d85a27d6d4c42c41285924b898
  Moya: 5b45dacb75adb009f97fde91c204c1e565d31916
  R.swift: 8cbc4fc69b740305b6a17c8a8ed968eb788962d9
  R.swift.Library: fa85ce1e0d0b7e818cd9e080df910ba54d2776cc
  Realm: 5e92902e2875dff4bb0fd02f67bb737c3d5db2bc
  RealmSwift: 9a360fc7bae04fc2e308a34fbd899d5faa2d6b22
  RxCocoa: 13d2a4d7546a34b8ececae8c281e4ea1dbb94f2b
  RxRelay: a168bd6caf712d00c676ac344e9295afc93b418e
  RxSwift: ad5874f24bb0dbffd1e9bb8443604e3578796c7a

PODFILE CHECKSUM: 60ecf0be2a0863a94f58237efb5ef7196cc66146

COCOAPODS: 1.9.1
